
Microsoft Visual Studio Solution File, Format Version 12.00
# Visual Studio Version 16
VisualStudioVersion = 16.0.31410.357
MinimumVisualStudioVersion = 10.0.40219.1
Project("{FAE04EC0-301F-11D3-BF4B-00C04F79EFBC}") = "OpenGlovesLib", "OpenGlovesLib\OpenGlovesLib.csproj", "{DFCD770E-7F20-412A-808A-E025FA9BFA02}"
EndProject
Global
	GlobalSection(SolutionConfigurationPlatforms) = preSolution
		Debug|Any CPU = Debug|Any CPU
		Release|Any CPU = Release|Any CPU
	EndGlobalSection
	GlobalSection(ProjectConfigurationPlatforms) = postSolution
		{DFCD770E-7F20-412A-808A-E025FA9BFA02}.Debug|Any CPU.ActiveCfg = Debug|Any CPU
		{DFCD770E-7F20-412A-808A-E025FA9BFA02}.Debug|Any CPU.Build.0 = Debug|Any CPU
		{DFCD770E-7F20-412A-808A-E025FA9BFA02}.Release|Any CPU.ActiveCfg = Release|Any CPU
		{DFCD770E-7F20-412A-808A-E025FA9BFA02}.Release|Any CPU.Build.0 = Release|Any CPU
	EndGlobalSection
	GlobalSection(SolutionProperties) = preSolution
		HideSolutionNode = FALSE
	EndGlobalSection
	GlobalSection(ExtensibilityGlobals) = postSolution
		SolutionGuid = {D83DCCD2-5A94-4F7D-9775-28E8E6C34B8F}
	EndGlobalSection
EndGlobal
